
Microsoft Visual Studio Solution File, Format Version 12.00
# Visual Studio Version 16
VisualStudioVersion = 16.0.31025.194
MinimumVisualStudioVersion = 15.0.26124.0
Project("{2150E333-8FDC-42A3-9474-1A3956D46DE8}") = "Solution Items", "Solution Items", "{29B3555B-88F0-4802-AB4B-29E7C1BFBC4D}"
	ProjectSection(SolutionItems) = preProject
		.editorconfig = .editorconfig
	EndProjectSection
EndProject
Project("{2150E333-8FDC-42A3-9474-1A3956D46DE8}") = "src", "src", "{EB52F4F6-7E20-44DC-A002-981A1C6AA5DE}"
EndProject
Project("{9A19103F-16F7-4668-BE54-9A1E7A4F7556}") = "TodoApi.WebUI", "src\TodoApi.WebUI\TodoApi.WebUI.csproj", "{0B2CE8EE-756A-41CB-8694-82AA5DA9BE74}"
EndProject
Project("{9A19103F-16F7-4668-BE54-9A1E7A4F7556}") = "TodoApi.Unit.Test", "src\TodoApi.WebUI.Unit.Test\TodoApi.WebUI.Unit.Test.csproj", "{DE197D32-633D-4E6D-AEAC-16F1BFA468DC}"
EndProject
Project("{9A19103F-16F7-4668-BE54-9A1E7A4F7556}") = "TodoApi.Domain", "src\TodoApi.Domain\TodoApi.Domain.csproj", "{455FEE58-BF7E-423E-A5D0-A3E8C59D8DAE}"
EndProject
Project("{9A19103F-16F7-4668-BE54-9A1E7A4F7556}") = "TodoApi.DataAccess", "src\TodoApi.DataAccess\TodoApi.DataAccess.csproj", "{8E8887C6-A844-43C6-9C23-2B8EE4530F73}"
EndProject
Project("{9A19103F-16F7-4668-BE54-9A1E7A4F7556}") = "TodoApi.Service", "src\TodoApi.Service\TodoApi.Service.csproj", "{548494DB-5945-4091-B294-76EB5578E69B}"
EndProject
Project("{9A19103F-16F7-4668-BE54-9A1E7A4F7556}") = "SimpleSpec.Bdd", "src\SimpleSpec.Bdd\SimpleSpec.Bdd.csproj", "{10244D20-E95D-4744-9DF6-39A8962C84FA}"
EndProject
Project("{9A19103F-16F7-4668-BE54-9A1E7A4F7556}") = "TodoApi.DataAccess.Unit.Test", "src\TodoApi.DataAccess.Unit.Test\TodoApi.DataAccess.Unit.Test.csproj", "{D492CD92-0A1D-4705-B7C7-33E358E7103A}"
EndProject
Project("{FAE04EC0-301F-11D3-BF4B-00C04F79EFBC}") = "TodoApi.Service.Unit.Test", "src\TodoApi.Service.Unit.Test\TodoApi.Service.Unit.Test.csproj", "{3DEBDC85-E60F-4927-9782-D8A5D1D5E9CC}"
EndProject
Global
	GlobalSection(SolutionConfigurationPlatforms) = preSolution
		Debug|Any CPU = Debug|Any CPU
		Debug|x64 = Debug|x64
		Debug|x86 = Debug|x86
		Release|Any CPU = Release|Any CPU
		Release|x64 = Release|x64
		Release|x86 = Release|x86
	EndGlobalSection
	GlobalSection(ProjectConfigurationPlatforms) = postSolution
		{0B2CE8EE-756A-41CB-8694-82AA5DA9BE74}.Debug|Any CPU.ActiveCfg = Debug|Any CPU
		{0B2CE8EE-756A-41CB-8694-82AA5DA9BE74}.Debug|Any CPU.Build.0 = Debug|Any CPU
		{0B2CE8EE-756A-41CB-8694-82AA5DA9BE74}.Debug|x64.ActiveCfg = Debug|Any CPU
		{0B2CE8EE-756A-41CB-8694-82AA5DA9BE74}.Debug|x64.Build.0 = Debug|Any CPU
		{0B2CE8EE-756A-41CB-8694-82AA5DA9BE74}.Debug|x86.ActiveCfg = Debug|Any CPU
		{0B2CE8EE-756A-41CB-8694-82AA5DA9BE74}.Debug|x86.Build.0 = Debug|Any CPU
		{0B2CE8EE-756A-41CB-8694-82AA5DA9BE74}.Release|Any CPU.ActiveCfg = Release|Any CPU
		{0B2CE8EE-756A-41CB-8694-82AA5DA9BE74}.Release|Any CPU.Build.0 = Release|Any CPU
		{0B2CE8EE-756A-41CB-8694-82AA5DA9BE74}.Release|x64.ActiveCfg = Release|Any CPU
		{0B2CE8EE-756A-41CB-8694-82AA5DA9BE74}.Release|x64.Build.0 = Release|Any CPU
		{0B2CE8EE-756A-41CB-8694-82AA5DA9BE74}.Release|x86.ActiveCfg = Release|Any CPU
		{0B2CE8EE-756A-41CB-8694-82AA5DA9BE74}.Release|x86.Build.0 = Release|Any CPU
		{DE197D32-633D-4E6D-AEAC-16F1BFA468DC}.Debug|Any CPU.ActiveCfg = Debug|Any CPU
		{DE197D32-633D-4E6D-AEAC-16F1BFA468DC}.Debug|Any CPU.Build.0 = Debug|Any CPU
		{DE197D32-633D-4E6D-AEAC-16F1BFA468DC}.Debug|x64.ActiveCfg = Debug|Any CPU
		{DE197D32-633D-4E6D-AEAC-16F1BFA468DC}.Debug|x64.Build.0 = Debug|Any CPU
		{DE197D32-633D-4E6D-AEAC-16F1BFA468DC}.Debug|x86.ActiveCfg = Debug|Any CPU
		{DE197D32-633D-4E6D-AEAC-16F1BFA468DC}.Debug|x86.Build.0 = Debug|Any CPU
		{DE197D32-633D-4E6D-AEAC-16F1BFA468DC}.Release|Any CPU.ActiveCfg = Release|Any CPU
		{DE197D32-633D-4E6D-AEAC-16F1BFA468DC}.Release|Any CPU.Build.0 = Release|Any CPU
		{DE197D32-633D-4E6D-AEAC-16F1BFA468DC}.Release|x64.ActiveCfg = Release|Any CPU
		{DE197D32-633D-4E6D-AEAC-16F1BFA468DC}.Release|x64.Build.0 = Release|Any CPU
		{DE197D32-633D-4E6D-AEAC-16F1BFA468DC}.Release|x86.ActiveCfg = Release|Any CPU
		{DE197D32-633D-4E6D-AEAC-16F1BFA468DC}.Release|x86.Build.0 = Release|Any CPU
		{455FEE58-BF7E-423E-A5D0-A3E8C59D8DAE}.Debug|Any CPU.ActiveCfg = Debug|Any CPU
		{455FEE58-BF7E-423E-A5D0-A3E8C59D8DAE}.Debug|Any CPU.Build.0 = Debug|Any CPU
		{455FEE58-BF7E-423E-A5D0-A3E8C59D8DAE}.Debug|x64.ActiveCfg = Debug|Any CPU
		{455FEE58-BF7E-423E-A5D0-A3E8C59D8DAE}.Debug|x64.Build.0 = Debug|Any CPU
		{455FEE58-BF7E-423E-A5D0-A3E8C59D8DAE}.Debug|x86.ActiveCfg = Debug|Any CPU
		{455FEE58-BF7E-423E-A5D0-A3E8C59D8DAE}.Debug|x86.Build.0 = Debug|Any CPU
		{455FEE58-BF7E-423E-A5D0-A3E8C59D8DAE}.Release|Any CPU.ActiveCfg = Release|Any CPU
		{455FEE58-BF7E-423E-A5D0-A3E8C59D8DAE}.Release|Any CPU.Build.0 = Release|Any CPU
		{455FEE58-BF7E-423E-A5D0-A3E8C59D8DAE}.Release|x64.ActiveCfg = Release|Any CPU
		{455FEE58-BF7E-423E-A5D0-A3E8C59D8DAE}.Release|x64.Build.0 = Release|Any CPU
		{455FEE58-BF7E-423E-A5D0-A3E8C59D8DAE}.Release|x86.ActiveCfg = Release|Any CPU
		{455FEE58-BF7E-423E-A5D0-A3E8C59D8DAE}.Release|x86.Build.0 = Release|Any CPU
		{8E8887C6-A844-43C6-9C23-2B8EE4530F73}.Debug|Any CPU.ActiveCfg = Debug|Any CPU
		{8E8887C6-A844-43C6-9C23-2B8EE4530F73}.Debug|Any CPU.Build.0 = Debug|Any CPU
		{8E8887C6-A844-43C6-9C23-2B8EE4530F73}.Debug|x64.ActiveCfg = Debug|Any CPU
		{8E8887C6-A844-43C6-9C23-2B8EE4530F73}.Debug|x64.Build.0 = Debug|Any CPU
		{8E8887C6-A844-43C6-9C23-2B8EE4530F73}.Debug|x86.ActiveCfg = Debug|Any CPU
		{8E8887C6-A844-43C6-9C23-2B8EE4530F73}.Debug|x86.Build.0 = Debug|Any CPU
		{8E8887C6-A844-43C6-9C23-2B8EE4530F73}.Release|Any CPU.ActiveCfg = Release|Any CPU
		{8E8887C6-A844-43C6-9C23-2B8EE4530F73}.Release|Any CPU.Build.0 = Release|Any CPU
		{8E8887C6-A844-43C6-9C23-2B8EE4530F73}.Release|x64.ActiveCfg = Release|Any CPU
		{8E8887C6-A844-43C6-9C23-2B8EE4530F73}.Release|x64.Build.0 = Release|Any CPU
		{8E8887C6-A844-43C6-9C23-2B8EE4530F73}.Release|x86.ActiveCfg = Release|Any CPU
		{8E8887C6-A844-43C6-9C23-2B8EE4530F73}.Release|x86.Build.0 = Release|Any CPU
		{548494DB-5945-4091-B294-76EB5578E69B}.Debug|Any CPU.ActiveCfg = Debug|Any CPU
		{548494DB-5945-4091-B294-76EB5578E69B}.Debug|Any CPU.Build.0 = Debug|Any CPU
		{548494DB-5945-4091-B294-76EB5578E69B}.Debug|x64.ActiveCfg = Debug|Any CPU
		{548494DB-5945-4091-B294-76EB5578E69B}.Debug|x64.Build.0 = Debug|Any CPU
		{548494DB-5945-4091-B294-76EB5578E69B}.Debug|x86.ActiveCfg = Debug|Any CPU
		{548494DB-5945-4091-B294-76EB5578E69B}.Debug|x86.Build.0 = Debug|Any CPU
		{548494DB-5945-4091-B294-76EB5578E69B}.Release|Any CPU.ActiveCfg = Release|Any CPU
		{548494DB-5945-4091-B294-76EB5578E69B}.Release|Any CPU.Build.0 = Release|Any CPU
		{548494DB-5945-4091-B294-76EB5578E69B}.Release|x64.ActiveCfg = Release|Any CPU
		{548494DB-5945-4091-B294-76EB5578E69B}.Release|x64.Build.0 = Release|Any CPU
		{548494DB-5945-4091-B294-76EB5578E69B}.Release|x86.ActiveCfg = Release|Any CPU
		{548494DB-5945-4091-B294-76EB5578E69B}.Release|x86.Build.0 = Release|Any CPU
		{10244D20-E95D-4744-9DF6-39A8962C84FA}.Debug|Any CPU.ActiveCfg = Debug|Any CPU
		{10244D20-E95D-4744-9DF6-39A8962C84FA}.Debug|Any CPU.Build.0 = Debug|Any CPU
		{10244D20-E95D-4744-9DF6-39A8962C84FA}.Debug|x64.ActiveCfg = Debug|Any CPU
		{10244D20-E95D-4744-9DF6-39A8962C84FA}.Debug|x64.Build.0 = Debug|Any CPU
		{10244D20-E95D-4744-9DF6-39A8962C84FA}.Debug|x86.ActiveCfg = Debug|Any CPU
		{10244D20-E95D-4744-9DF6-39A8962C84FA}.Debug|x86.Build.0 = Debug|Any CPU
		{10244D20-E95D-4744-9DF6-39A8962C84FA}.Release|Any CPU.ActiveCfg = Release|Any CPU
		{10244D20-E95D-4744-9DF6-39A8962C84FA}.Release|Any CPU.Build.0 = Release|Any CPU
		{10244D20-E95D-4744-9DF6-39A8962C84FA}.Release|x64.ActiveCfg = Release|Any CPU
		{10244D20-E95D-4744-9DF6-39A8962C84FA}.Release|x64.Build.0 = Release|Any CPU
		{10244D20-E95D-4744-9DF6-39A8962C84FA}.Release|x86.ActiveCfg = Release|Any CPU
		{10244D20-E95D-4744-9DF6-39A8962C84FA}.Release|x86.Build.0 = Release|Any CPU
		{D492CD92-0A1D-4705-B7C7-33E358E7103A}.Debug|Any CPU.ActiveCfg = Debug|Any CPU
		{D492CD92-0A1D-4705-B7C7-33E358E7103A}.Debug|Any CPU.Build.0 = Debug|Any CPU
		{D492CD92-0A1D-4705-B7C7-33E358E7103A}.Debug|x64.ActiveCfg = Debug|Any CPU
		{D492CD92-0A1D-4705-B7C7-33E358E7103A}.Debug|x64.Build.0 = Debug|Any CPU
		{D492CD92-0A1D-4705-B7C7-33E358E7103A}.Debug|x86.ActiveCfg = Debug|Any CPU
		{D492CD92-0A1D-4705-B7C7-33E358E7103A}.Debug|x86.Build.0 = Debug|Any CPU
		{D492CD92-0A1D-4705-B7C7-33E358E7103A}.Release|Any CPU.ActiveCfg = Release|Any CPU
		{D492CD92-0A1D-4705-B7C7-33E358E7103A}.Release|Any CPU.Build.0 = Release|Any CPU
		{D492CD92-0A1D-4705-B7C7-33E358E7103A}.Release|x64.ActiveCfg = Release|Any CPU
		{D492CD92-0A1D-4705-B7C7-33E358E7103A}.Release|x64.Build.0 = Release|Any CPU
		{D492CD92-0A1D-4705-B7C7-33E358E7103A}.Release|x86.ActiveCfg = Release|Any CPU
		{D492CD92-0A1D-4705-B7C7-33E358E7103A}.Release|x86.Build.0 = Release|Any CPU
		{3DEBDC85-E60F-4927-9782-D8A5D1D5E9CC}.Debug|Any CPU.ActiveCfg = Debug|Any CPU
		{3DEBDC85-E60F-4927-9782-D8A5D1D5E9CC}.Debug|Any CPU.Build.0 = Debug|Any CPU
		{3DEBDC85-E60F-4927-9782-D8A5D1D5E9CC}.Debug|x64.ActiveCfg = Debug|Any CPU
		{3DEBDC85-E60F-4927-9782-D8A5D1D5E9CC}.Debug|x64.Build.0 = Debug|Any CPU
		{3DEBDC85-E60F-4927-9782-D8A5D1D5E9CC}.Debug|x86.ActiveCfg = Debug|Any CPU
		{3DEBDC85-E60F-4927-9782-D8A5D1D5E9CC}.Debug|x86.Build.0 = Debug|Any CPU
		{3DEBDC85-E60F-4927-9782-D8A5D1D5E9CC}.Release|Any CPU.ActiveCfg = Release|Any CPU
		{3DEBDC85-E60F-4927-9782-D8A5D1D5E9CC}.Release|Any CPU.Build.0 = Release|Any CPU
		{3DEBDC85-E60F-4927-9782-D8A5D1D5E9CC}.Release|x64.ActiveCfg = Release|Any CPU
		{3DEBDC85-E60F-4927-9782-D8A5D1D5E9CC}.Release|x64.Build.0 = Release|Any CPU
		{3DEBDC85-E60F-4927-9782-D8A5D1D5E9CC}.Release|x86.ActiveCfg = Release|Any CPU
		{3DEBDC85-E60F-4927-9782-D8A5D1D5E9CC}.Release|x86.Build.0 = Release|Any CPU
	EndGlobalSection
	GlobalSection(SolutionProperties) = preSolution
		HideSolutionNode = FALSE
	EndGlobalSection
	GlobalSection(NestedProjects) = preSolution
		{0B2CE8EE-756A-41CB-8694-82AA5DA9BE74} = {EB52F4F6-7E20-44DC-A002-981A1C6AA5DE}
		{DE197D32-633D-4E6D-AEAC-16F1BFA468DC} = {EB52F4F6-7E20-44DC-A002-981A1C6AA5DE}
		{455FEE58-BF7E-423E-A5D0-A3E8C59D8DAE} = {EB52F4F6-7E20-44DC-A002-981A1C6AA5DE}
		{8E8887C6-A844-43C6-9C23-2B8EE4530F73} = {EB52F4F6-7E20-44DC-A002-981A1C6AA5DE}
		{548494DB-5945-4091-B294-76EB5578E69B} = {EB52F4F6-7E20-44DC-A002-981A1C6AA5DE}
		{10244D20-E95D-4744-9DF6-39A8962C84FA} = {EB52F4F6-7E20-44DC-A002-981A1C6AA5DE}
		{D492CD92-0A1D-4705-B7C7-33E358E7103A} = {EB52F4F6-7E20-44DC-A002-981A1C6AA5DE}
		{3DEBDC85-E60F-4927-9782-D8A5D1D5E9CC} = {EB52F4F6-7E20-44DC-A002-981A1C6AA5DE}
	EndGlobalSection
	GlobalSection(ExtensibilityGlobals) = postSolution
		SolutionGuid = {AAF531B0-B94A-4FC0-AAA5-85ACAC0460A7}
	EndGlobalSection
EndGlobal
